// !$*UTF8*$!
{
	archiveVersion = 1;
	classes = {
	};
	objectVersion = 48;
	objects = {

/* Begin PBXBuildFile section */
		5568A480750F5D452F43AD11 /* Pods_RS3_Toolkit.framework in Frameworks */ = {isa = PBXBuildFile; fileRef = DA7DE69AEF31FAB6A6B1551E /* Pods_RS3_Toolkit.framework */; };
		6319F25D205B394C0021AD37 /* CombatVC.swift in Sources */ = {isa = PBXBuildFile; fileRef = 6319F25C205B394C0021AD37 /* CombatVC.swift */; };
		6336C69A20645F4F0058FB98 /* WelcomeVC.swift in Sources */ = {isa = PBXBuildFile; fileRef = 6336C69920645F4F0058FB98 /* WelcomeVC.swift */; };
		6346523821B05C9E00B7F8B0 /* TabBarVC.swift in Sources */ = {isa = PBXBuildFile; fileRef = 6346523721B05C9E00B7F8B0 /* TabBarVC.swift */; };
		636CA7C92047144F00244432 /* StatusCell.swift in Sources */ = {isa = PBXBuildFile; fileRef = 636CA7C82047144F00244432 /* StatusCell.swift */; };
		63AD493C2051D3F5009DC0B3 /* LogVC.swift in Sources */ = {isa = PBXBuildFile; fileRef = 63AD493B2051D3F5009DC0B3 /* LogVC.swift */; };
		63AD493E2051D4DD009DC0B3 /* LogTableViewDataSource.swift in Sources */ = {isa = PBXBuildFile; fileRef = 63AD493D2051D4DD009DC0B3 /* LogTableViewDataSource.swift */; };
		63AD49402051D56B009DC0B3 /* LogCell.swift in Sources */ = {isa = PBXBuildFile; fileRef = 63AD493F2051D56B009DC0B3 /* LogCell.swift */; };
		63BDBA182044717500A935CE /* AppDelegate.swift in Sources */ = {isa = PBXBuildFile; fileRef = 63BDBA172044717500A935CE /* AppDelegate.swift */; };
		63BDBA1D2044717500A935CE /* Main.storyboard in Resources */ = {isa = PBXBuildFile; fileRef = 63BDBA1B2044717500A935CE /* Main.storyboard */; };
		63BDBA1F2044717500A935CE /* Assets.xcassets in Resources */ = {isa = PBXBuildFile; fileRef = 63BDBA1E2044717500A935CE /* Assets.xcassets */; };
		63BDBA222044717500A935CE /* LaunchScreen.storyboard in Resources */ = {isa = PBXBuildFile; fileRef = 63BDBA202044717500A935CE /* LaunchScreen.storyboard */; };
		63BDBA2D2044717600A935CE /* RS3_ToolkitTests.swift in Sources */ = {isa = PBXBuildFile; fileRef = 63BDBA2C2044717600A935CE /* RS3_ToolkitTests.swift */; };
		63BDBA382044717600A935CE /* RS3_ToolkitUITests.swift in Sources */ = {isa = PBXBuildFile; fileRef = 63BDBA372044717600A935CE /* RS3_ToolkitUITests.swift */; };
		63BDBA46204474C100A935CE /* Global.swift in Sources */ = {isa = PBXBuildFile; fileRef = 63BDBA45204474C100A935CE /* Global.swift */; };
		63BDBA482044763D00A935CE /* StatsVC.swift in Sources */ = {isa = PBXBuildFile; fileRef = 63BDBA472044763D00A935CE /* StatsVC.swift */; };
		63BDBA4B204479DA00A935CE /* RunescapeAPI.swift in Sources */ = {isa = PBXBuildFile; fileRef = 63BDBA4A204479DA00A935CE /* RunescapeAPI.swift */; };
		63BDBA4E2044D2D100A935CE /* StatsTableViewDataSource.swift in Sources */ = {isa = PBXBuildFile; fileRef = 63BDBA4D2044D2D100A935CE /* StatsTableViewDataSource.swift */; };
		63BDBA502044E6ED00A935CE /* UserData.swift in Sources */ = {isa = PBXBuildFile; fileRef = 63BDBA4F2044E6ED00A935CE /* UserData.swift */; };
		63BDBA522044E8FF00A935CE /* UserDataStore.swift in Sources */ = {isa = PBXBuildFile; fileRef = 63BDBA512044E8FF00A935CE /* UserDataStore.swift */; };
		63C0F9B821952AA7005DFA8D /* CustomizableAlertController.swift in Sources */ = {isa = PBXBuildFile; fileRef = 63C0F9B721952AA7005DFA8D /* CustomizableAlertController.swift */; };
		63D3AEE0204A378D00EBD07B /* LevelTables.swift in Sources */ = {isa = PBXBuildFile; fileRef = 63D3AEDF204A378D00EBD07B /* LevelTables.swift */; };
		63DAFF88206450CA00219921 /* SettingsVC.swift in Sources */ = {isa = PBXBuildFile; fileRef = 63DAFF87206450CA00219921 /* SettingsVC.swift */; };
/* End PBXBuildFile section */

/* Begin PBXContainerItemProxy section */
		63BDBA292044717600A935CE /* PBXContainerItemProxy */ = {
			isa = PBXContainerItemProxy;
			containerPortal = 63BDBA0C2044717500A935CE /* Project object */;
			proxyType = 1;
			remoteGlobalIDString = 63BDBA132044717500A935CE;
			remoteInfo = "RS3-Toolkit";
		};
		63BDBA342044717600A935CE /* PBXContainerItemProxy */ = {
			isa = PBXContainerItemProxy;
			containerPortal = 63BDBA0C2044717500A935CE /* Project object */;
			proxyType = 1;
			remoteGlobalIDString = 63BDBA132044717500A935CE;
			remoteInfo = "RS3-Toolkit";
		};
/* End PBXContainerItemProxy section */

/* Begin PBXFileReference section */
		27F9C7C23F127123316AAF1B /* Pods-RS3-Toolkit.release.xcconfig */ = {isa = PBXFileReference; includeInIndex = 1; lastKnownFileType = text.xcconfig; name = "Pods-RS3-Toolkit.release.xcconfig"; path = "Pods/Target Support Files/Pods-RS3-Toolkit/Pods-RS3-Toolkit.release.xcconfig"; sourceTree = "<group>"; };
		5E74834C97A235F7DB83175F /* Pods-RS3-Toolkit.debug.xcconfig */ = {isa = PBXFileReference; includeInIndex = 1; lastKnownFileType = text.xcconfig; name = "Pods-RS3-Toolkit.debug.xcconfig"; path = "Pods/Target Support Files/Pods-RS3-Toolkit/Pods-RS3-Toolkit.debug.xcconfig"; sourceTree = "<group>"; };
		6319F25C205B394C0021AD37 /* CombatVC.swift */ = {isa = PBXFileReference; lastKnownFileType = sourcecode.swift; path = CombatVC.swift; sourceTree = "<group>"; };
		6336C69920645F4F0058FB98 /* WelcomeVC.swift */ = {isa = PBXFileReference; lastKnownFileType = sourcecode.swift; path = WelcomeVC.swift; sourceTree = "<group>"; };
		6346523721B05C9E00B7F8B0 /* TabBarVC.swift */ = {isa = PBXFileReference; lastKnownFileType = sourcecode.swift; path = TabBarVC.swift; sourceTree = "<group>"; };
		636CA7C82047144F00244432 /* StatusCell.swift */ = {isa = PBXFileReference; lastKnownFileType = sourcecode.swift; path = StatusCell.swift; sourceTree = "<group>"; };
		63AD493B2051D3F5009DC0B3 /* LogVC.swift */ = {isa = PBXFileReference; lastKnownFileType = sourcecode.swift; path = LogVC.swift; sourceTree = "<group>"; };
		63AD493D2051D4DD009DC0B3 /* LogTableViewDataSource.swift */ = {isa = PBXFileReference; lastKnownFileType = sourcecode.swift; path = LogTableViewDataSource.swift; sourceTree = "<group>"; };
		63AD493F2051D56B009DC0B3 /* LogCell.swift */ = {isa = PBXFileReference; lastKnownFileType = sourcecode.swift; path = LogCell.swift; sourceTree = "<group>"; };
		63BDBA142044717500A935CE /* RS3-Toolkit.app */ = {isa = PBXFileReference; explicitFileType = wrapper.application; includeInIndex = 0; path = "RS3-Toolkit.app"; sourceTree = BUILT_PRODUCTS_DIR; };
		63BDBA172044717500A935CE /* AppDelegate.swift */ = {isa = PBXFileReference; lastKnownFileType = sourcecode.swift; path = AppDelegate.swift; sourceTree = "<group>"; };
		63BDBA1C2044717500A935CE /* Base */ = {isa = PBXFileReference; lastKnownFileType = file.storyboard; name = Base; path = Base.lproj/Main.storyboard; sourceTree = "<group>"; };
		63BDBA1E2044717500A935CE /* Assets.xcassets */ = {isa = PBXFileReference; lastKnownFileType = folder.assetcatalog; path = Assets.xcassets; sourceTree = "<group>"; };
		63BDBA212044717500A935CE /* Base */ = {isa = PBXFileReference; lastKnownFileType = file.storyboard; name = Base; path = Base.lproj/LaunchScreen.storyboard; sourceTree = "<group>"; };
		63BDBA232044717500A935CE /* Info.plist */ = {isa = PBXFileReference; lastKnownFileType = text.plist.xml; path = Info.plist; sourceTree = "<group>"; };
		63BDBA282044717600A935CE /* RS3-ToolkitTests.xctest */ = {isa = PBXFileReference; explicitFileType = wrapper.cfbundle; includeInIndex = 0; path = "RS3-ToolkitTests.xctest"; sourceTree = BUILT_PRODUCTS_DIR; };
		63BDBA2C2044717600A935CE /* RS3_ToolkitTests.swift */ = {isa = PBXFileReference; lastKnownFileType = sourcecode.swift; path = RS3_ToolkitTests.swift; sourceTree = "<group>"; };
		63BDBA2E2044717600A935CE /* Info.plist */ = {isa = PBXFileReference; lastKnownFileType = text.plist.xml; path = Info.plist; sourceTree = "<group>"; };
		63BDBA332044717600A935CE /* RS3-ToolkitUITests.xctest */ = {isa = PBXFileReference; explicitFileType = wrapper.cfbundle; includeInIndex = 0; path = "RS3-ToolkitUITests.xctest"; sourceTree = BUILT_PRODUCTS_DIR; };
		63BDBA372044717600A935CE /* RS3_ToolkitUITests.swift */ = {isa = PBXFileReference; lastKnownFileType = sourcecode.swift; path = RS3_ToolkitUITests.swift; sourceTree = "<group>"; };
		63BDBA392044717600A935CE /* Info.plist */ = {isa = PBXFileReference; lastKnownFileType = text.plist.xml; path = Info.plist; sourceTree = "<group>"; };
		63BDBA45204474C100A935CE /* Global.swift */ = {isa = PBXFileReference; lastKnownFileType = sourcecode.swift; path = Global.swift; sourceTree = "<group>"; };
		63BDBA472044763D00A935CE /* StatsVC.swift */ = {isa = PBXFileReference; lastKnownFileType = sourcecode.swift; path = StatsVC.swift; sourceTree = "<group>"; };
		63BDBA4A204479DA00A935CE /* RunescapeAPI.swift */ = {isa = PBXFileReference; lastKnownFileType = sourcecode.swift; path = RunescapeAPI.swift; sourceTree = "<group>"; };
		63BDBA4D2044D2D100A935CE /* StatsTableViewDataSource.swift */ = {isa = PBXFileReference; lastKnownFileType = sourcecode.swift; path = StatsTableViewDataSource.swift; sourceTree = "<group>"; };
		63BDBA4F2044E6ED00A935CE /* UserData.swift */ = {isa = PBXFileReference; lastKnownFileType = sourcecode.swift; path = UserData.swift; sourceTree = "<group>"; };
		63BDBA512044E8FF00A935CE /* UserDataStore.swift */ = {isa = PBXFileReference; lastKnownFileType = sourcecode.swift; path = UserDataStore.swift; sourceTree = "<group>"; };
		63C0F9B721952AA7005DFA8D /* CustomizableAlertController.swift */ = {isa = PBXFileReference; lastKnownFileType = sourcecode.swift; path = CustomizableAlertController.swift; sourceTree = "<group>"; };
		63D3AEDF204A378D00EBD07B /* LevelTables.swift */ = {isa = PBXFileReference; lastKnownFileType = sourcecode.swift; path = LevelTables.swift; sourceTree = "<group>"; };
		63DAFF87206450CA00219921 /* SettingsVC.swift */ = {isa = PBXFileReference; lastKnownFileType = sourcecode.swift; path = SettingsVC.swift; sourceTree = "<group>"; };
		DA7DE69AEF31FAB6A6B1551E /* Pods_RS3_Toolkit.framework */ = {isa = PBXFileReference; explicitFileType = wrapper.framework; includeInIndex = 0; path = Pods_RS3_Toolkit.framework; sourceTree = BUILT_PRODUCTS_DIR; };
/* End PBXFileReference section */

/* Begin PBXFrameworksBuildPhase section */
		63BDBA112044717500A935CE /* Frameworks */ = {
			isa = PBXFrameworksBuildPhase;
			buildActionMask = 2147483647;
			files = (
				5568A480750F5D452F43AD11 /* Pods_RS3_Toolkit.framework in Frameworks */,
			);
			runOnlyForDeploymentPostprocessing = 0;
		};
		63BDBA252044717600A935CE /* Frameworks */ = {
			isa = PBXFrameworksBuildPhase;
			buildActionMask = 2147483647;
			files = (
			);
			runOnlyForDeploymentPostprocessing = 0;
		};
		63BDBA302044717600A935CE /* Frameworks */ = {
			isa = PBXFrameworksBuildPhase;
			buildActionMask = 2147483647;
			files = (
			);
			runOnlyForDeploymentPostprocessing = 0;
		};
/* End PBXFrameworksBuildPhase section */

/* Begin PBXGroup section */
		499CDC7CDF4837B65AD46D7E /* Frameworks */ = {
			isa = PBXGroup;
			children = (
				DA7DE69AEF31FAB6A6B1551E /* Pods_RS3_Toolkit.framework */,
			);
			name = Frameworks;
			sourceTree = "<group>";
		};
		63BDBA0B2044717500A935CE = {
			isa = PBXGroup;
			children = (
				63BDBA162044717500A935CE /* RS3-Toolkit */,
				63BDBA2B2044717600A935CE /* RS3-ToolkitTests */,
				63BDBA362044717600A935CE /* RS3-ToolkitUITests */,
				63BDBA152044717500A935CE /* Products */,
				D981472CA69E57B3AC83918A /* Pods */,
				499CDC7CDF4837B65AD46D7E /* Frameworks */,
			);
			sourceTree = "<group>";
		};
		63BDBA152044717500A935CE /* Products */ = {
			isa = PBXGroup;
			children = (
				63BDBA142044717500A935CE /* RS3-Toolkit.app */,
				63BDBA282044717600A935CE /* RS3-ToolkitTests.xctest */,
				63BDBA332044717600A935CE /* RS3-ToolkitUITests.xctest */,
			);
			name = Products;
			sourceTree = "<group>";
		};
		63BDBA162044717500A935CE /* RS3-Toolkit */ = {
			isa = PBXGroup;
			children = (
				63BDBA492044765300A935CE /* ViewControllers */,
				63BDBA4C2044CFF800A935CE /* Data */,
				63C0F9B621952A81005DFA8D /* Lib */,
				63BDBA172044717500A935CE /* AppDelegate.swift */,
				63BDBA45204474C100A935CE /* Global.swift */,
				63BDBA1B2044717500A935CE /* Main.storyboard */,
				63BDBA1E2044717500A935CE /* Assets.xcassets */,
				63BDBA202044717500A935CE /* LaunchScreen.storyboard */,
				63BDBA232044717500A935CE /* Info.plist */,
			);
			path = "RS3-Toolkit";
			sourceTree = "<group>";
		};
		63BDBA2B2044717600A935CE /* RS3-ToolkitTests */ = {
			isa = PBXGroup;
			children = (
				63BDBA2C2044717600A935CE /* RS3_ToolkitTests.swift */,
				63BDBA2E2044717600A935CE /* Info.plist */,
			);
			path = "RS3-ToolkitTests";
			sourceTree = "<group>";
		};
		63BDBA362044717600A935CE /* RS3-ToolkitUITests */ = {
			isa = PBXGroup;
			children = (
				63BDBA372044717600A935CE /* RS3_ToolkitUITests.swift */,
				63BDBA392044717600A935CE /* Info.plist */,
			);
			path = "RS3-ToolkitUITests";
			sourceTree = "<group>";
		};
		63BDBA492044765300A935CE /* ViewControllers */ = {
			isa = PBXGroup;
			children = (
				6346523721B05C9E00B7F8B0 /* TabBarVC.swift */,
				63BDBA472044763D00A935CE /* StatsVC.swift */,
				636CA7C82047144F00244432 /* StatusCell.swift */,
				63AD493B2051D3F5009DC0B3 /* LogVC.swift */,
				63AD493F2051D56B009DC0B3 /* LogCell.swift */,
				6319F25C205B394C0021AD37 /* CombatVC.swift */,
				63DAFF87206450CA00219921 /* SettingsVC.swift */,
				6336C69920645F4F0058FB98 /* WelcomeVC.swift */,
			);
			path = ViewControllers;
			sourceTree = "<group>";
		};
		63BDBA4C2044CFF800A935CE /* Data */ = {
			isa = PBXGroup;
			children = (
				63BDBA4A204479DA00A935CE /* RunescapeAPI.swift */,
				63BDBA4D2044D2D100A935CE /* StatsTableViewDataSource.swift */,
				63AD493D2051D4DD009DC0B3 /* LogTableViewDataSource.swift */,
				63BDBA512044E8FF00A935CE /* UserDataStore.swift */,
				63BDBA4F2044E6ED00A935CE /* UserData.swift */,
				63D3AEDF204A378D00EBD07B /* LevelTables.swift */,
			);
			path = Data;
			sourceTree = "<group>";
		};
		63C0F9B621952A81005DFA8D /* Lib */ = {
			isa = PBXGroup;
			children = (
				63C0F9B721952AA7005DFA8D /* CustomizableAlertController.swift */,
			);
			path = Lib;
			sourceTree = "<group>";
		};
		D981472CA69E57B3AC83918A /* Pods */ = {
			isa = PBXGroup;
			children = (
				5E74834C97A235F7DB83175F /* Pods-RS3-Toolkit.debug.xcconfig */,
				27F9C7C23F127123316AAF1B /* Pods-RS3-Toolkit.release.xcconfig */,
			);
			name = Pods;
			sourceTree = "<group>";
		};
/* End PBXGroup section */

/* Begin PBXNativeTarget section */
		63BDBA132044717500A935CE /* RS3-Toolkit */ = {
			isa = PBXNativeTarget;
			buildConfigurationList = 63BDBA3C2044717600A935CE /* Build configuration list for PBXNativeTarget "RS3-Toolkit" */;
			buildPhases = (
				6153EF9B79C945F7CC4637C1 /* [CP] Check Pods Manifest.lock */,
				63BDBA102044717500A935CE /* Sources */,
				63BDBA112044717500A935CE /* Frameworks */,
				63BDBA122044717500A935CE /* Resources */,
				050E98D18810FEED99AE1BB1 /* [CP] Embed Pods Frameworks */,
			);
			buildRules = (
			);
			dependencies = (
			);
			name = "RS3-Toolkit";
			productName = "RS3-Toolkit";
			productReference = 63BDBA142044717500A935CE /* RS3-Toolkit.app */;
			productType = "com.apple.product-type.application";
		};
		63BDBA272044717600A935CE /* RS3-ToolkitTests */ = {
			isa = PBXNativeTarget;
			buildConfigurationList = 63BDBA3F2044717600A935CE /* Build configuration list for PBXNativeTarget "RS3-ToolkitTests" */;
			buildPhases = (
				63BDBA242044717600A935CE /* Sources */,
				63BDBA252044717600A935CE /* Frameworks */,
				63BDBA262044717600A935CE /* Resources */,
			);
			buildRules = (
			);
			dependencies = (
				63BDBA2A2044717600A935CE /* PBXTargetDependency */,
			);
			name = "RS3-ToolkitTests";
			productName = "RS3-ToolkitTests";
			productReference = 63BDBA282044717600A935CE /* RS3-ToolkitTests.xctest */;
			productType = "com.apple.product-type.bundle.unit-test";
		};
		63BDBA322044717600A935CE /* RS3-ToolkitUITests */ = {
			isa = PBXNativeTarget;
			buildConfigurationList = 63BDBA422044717600A935CE /* Build configuration list for PBXNativeTarget "RS3-ToolkitUITests" */;
			buildPhases = (
				63BDBA2F2044717600A935CE /* Sources */,
				63BDBA302044717600A935CE /* Frameworks */,
				63BDBA312044717600A935CE /* Resources */,
			);
			buildRules = (
			);
			dependencies = (
				63BDBA352044717600A935CE /* PBXTargetDependency */,
			);
			name = "RS3-ToolkitUITests";
			productName = "RS3-ToolkitUITests";
			productReference = 63BDBA332044717600A935CE /* RS3-ToolkitUITests.xctest */;
			productType = "com.apple.product-type.bundle.ui-testing";
		};
/* End PBXNativeTarget section */

/* Begin PBXProject section */
		63BDBA0C2044717500A935CE /* Project object */ = {
			isa = PBXProject;
			attributes = {
				LastSwiftUpdateCheck = 0920;
				LastUpgradeCheck = 1000;
				ORGANIZATIONNAME = "Chad Hamdan";
				TargetAttributes = {
					63BDBA132044717500A935CE = {
						CreatedOnToolsVersion = 9.2;
						LastSwiftMigration = 1100;
						ProvisioningStyle = Automatic;
					};
					63BDBA272044717600A935CE = {
						CreatedOnToolsVersion = 9.2;
						LastSwiftMigration = 1100;
						ProvisioningStyle = Automatic;
						TestTargetID = 63BDBA132044717500A935CE;
					};
					63BDBA322044717600A935CE = {
						CreatedOnToolsVersion = 9.2;
						LastSwiftMigration = 1100;
						ProvisioningStyle = Automatic;
						TestTargetID = 63BDBA132044717500A935CE;
					};
				};
			};
			buildConfigurationList = 63BDBA0F2044717500A935CE /* Build configuration list for PBXProject "RS3-Toolkit" */;
			compatibilityVersion = "Xcode 8.0";
			developmentRegion = en;
			hasScannedForEncodings = 0;
			knownRegions = (
				en,
				Base,
			);
			mainGroup = 63BDBA0B2044717500A935CE;
			productRefGroup = 63BDBA152044717500A935CE /* Products */;
			projectDirPath = "";
			projectRoot = "";
			targets = (
				63BDBA132044717500A935CE /* RS3-Toolkit */,
				63BDBA272044717600A935CE /* RS3-ToolkitTests */,
				63BDBA322044717600A935CE /* RS3-ToolkitUITests */,
			);
		};
/* End PBXProject section */

/* Begin PBXResourcesBuildPhase section */
		63BDBA122044717500A935CE /* Resources */ = {
			isa = PBXResourcesBuildPhase;
			buildActionMask = 2147483647;
			files = (
				63BDBA222044717500A935CE /* LaunchScreen.storyboard in Resources */,
				63BDBA1F2044717500A935CE /* Assets.xcassets in Resources */,
				63BDBA1D2044717500A935CE /* Main.storyboard in Resources */,
			);
			runOnlyForDeploymentPostprocessing = 0;
		};
		63BDBA262044717600A935CE /* Resources */ = {
			isa = PBXResourcesBuildPhase;
			buildActionMask = 2147483647;
			files = (
			);
			runOnlyForDeploymentPostprocessing = 0;
		};
		63BDBA312044717600A935CE /* Resources */ = {
			isa = PBXResourcesBuildPhase;
			buildActionMask = 2147483647;
			files = (
			);
			runOnlyForDeploymentPostprocessing = 0;
		};
/* End PBXResourcesBuildPhase section */

/* Begin PBXShellScriptBuildPhase section */
		050E98D18810FEED99AE1BB1 /* [CP] Embed Pods Frameworks */ = {
			isa = PBXShellScriptBuildPhase;
			buildActionMask = 2147483647;
			files = (
			);
			inputPaths = (
				"${PODS_ROOT}/Target Support Files/Pods-RS3-Toolkit/Pods-RS3-Toolkit-frameworks.sh",
				"${BUILT_PRODUCTS_DIR}/GoogleUtilities/GoogleUtilities.framework",
				"${BUILT_PRODUCTS_DIR}/nanopb/nanopb.framework",
			);
			name = "[CP] Embed Pods Frameworks";
			outputPaths = (
				"${TARGET_BUILD_DIR}/${FRAMEWORKS_FOLDER_PATH}/GoogleUtilities.framework",
				"${TARGET_BUILD_DIR}/${FRAMEWORKS_FOLDER_PATH}/nanopb.framework",
			);
			runOnlyForDeploymentPostprocessing = 0;
			shellPath = /bin/sh;
			shellScript = "\"${PODS_ROOT}/Target Support Files/Pods-RS3-Toolkit/Pods-RS3-Toolkit-frameworks.sh\"\n";
			showEnvVarsInLog = 0;
		};
		6153EF9B79C945F7CC4637C1 /* [CP] Check Pods Manifest.lock */ = {
			isa = PBXShellScriptBuildPhase;
			buildActionMask = 2147483647;
			files = (
			);
			inputPaths = (
				"${PODS_PODFILE_DIR_PATH}/Podfile.lock",
				"${PODS_ROOT}/Manifest.lock",
			);
			name = "[CP] Check Pods Manifest.lock";
			outputPaths = (
				"$(DERIVED_FILE_DIR)/Pods-RS3-Toolkit-checkManifestLockResult.txt",
			);
			runOnlyForDeploymentPostprocessing = 0;
			shellPath = /bin/sh;
			shellScript = "diff \"${PODS_PODFILE_DIR_PATH}/Podfile.lock\" \"${PODS_ROOT}/Manifest.lock\" > /dev/null\nif [ $? != 0 ] ; then\n    # print error to STDERR\n    echo \"error: The sandbox is not in sync with the Podfile.lock. Run 'pod install' or update your CocoaPods installation.\" >&2\n    exit 1\nfi\n# This output is used by Xcode 'outputs' to avoid re-running this script phase.\necho \"SUCCESS\" > \"${SCRIPT_OUTPUT_FILE_0}\"\n";
			showEnvVarsInLog = 0;
		};
/* End PBXShellScriptBuildPhase section */

/* Begin PBXSourcesBuildPhase section */
		63BDBA102044717500A935CE /* Sources */ = {
			isa = PBXSourcesBuildPhase;
			buildActionMask = 2147483647;
			files = (
				6346523821B05C9E00B7F8B0 /* TabBarVC.swift in Sources */,
				63BDBA502044E6ED00A935CE /* UserData.swift in Sources */,
				63BDBA4E2044D2D100A935CE /* StatsTableViewDataSource.swift in Sources */,
				63AD49402051D56B009DC0B3 /* LogCell.swift in Sources */,
				63BDBA482044763D00A935CE /* StatsVC.swift in Sources */,
				63AD493E2051D4DD009DC0B3 /* LogTableViewDataSource.swift in Sources */,
				63D3AEE0204A378D00EBD07B /* LevelTables.swift in Sources */,
				6336C69A20645F4F0058FB98 /* WelcomeVC.swift in Sources */,
				63BDBA182044717500A935CE /* AppDelegate.swift in Sources */,
				63BDBA4B204479DA00A935CE /* RunescapeAPI.swift in Sources */,
				63BDBA522044E8FF00A935CE /* UserDataStore.swift in Sources */,
				63AD493C2051D3F5009DC0B3 /* LogVC.swift in Sources */,
				63BDBA46204474C100A935CE /* Global.swift in Sources */,
				636CA7C92047144F00244432 /* StatusCell.swift in Sources */,
				6319F25D205B394C0021AD37 /* CombatVC.swift in Sources */,
				63C0F9B821952AA7005DFA8D /* CustomizableAlertController.swift in Sources */,
				63DAFF88206450CA00219921 /* SettingsVC.swift in Sources */,
			);
			runOnlyForDeploymentPostprocessing = 0;
		};
		63BDBA242044717600A935CE /* Sources */ = {
			isa = PBXSourcesBuildPhase;
			buildActionMask = 2147483647;
			files = (
				63BDBA2D2044717600A935CE /* RS3_ToolkitTests.swift in Sources */,
			);
			runOnlyForDeploymentPostprocessing = 0;
		};
		63BDBA2F2044717600A935CE /* Sources */ = {
			isa = PBXSourcesBuildPhase;
			buildActionMask = 2147483647;
			files = (
				63BDBA382044717600A935CE /* RS3_ToolkitUITests.swift in Sources */,
			);
			runOnlyForDeploymentPostprocessing = 0;
		};
/* End PBXSourcesBuildPhase section */

/* Begin PBXTargetDependency section */
		63BDBA2A2044717600A935CE /* PBXTargetDependency */ = {
			isa = PBXTargetDependency;
			target = 63BDBA132044717500A935CE /* RS3-Toolkit */;
			targetProxy = 63BDBA292044717600A935CE /* PBXContainerItemProxy */;
		};
		63BDBA352044717600A935CE /* PBXTargetDependency */ = {
			isa = PBXTargetDependency;
			target = 63BDBA132044717500A935CE /* RS3-Toolkit */;
			targetProxy = 63BDBA342044717600A935CE /* PBXContainerItemProxy */;
		};
/* End PBXTargetDependency section */

/* Begin PBXVariantGroup section */
		63BDBA1B2044717500A935CE /* Main.storyboard */ = {
			isa = PBXVariantGroup;
			children = (
				63BDBA1C2044717500A935CE /* Base */,
			);
			name = Main.storyboard;
			sourceTree = "<group>";
		};
		63BDBA202044717500A935CE /* LaunchScreen.storyboard */ = {
			isa = PBXVariantGroup;
			children = (
				63BDBA212044717500A935CE /* Base */,
			);
			name = LaunchScreen.storyboard;
			sourceTree = "<group>";
		};
/* End PBXVariantGroup section */

/* Begin XCBuildConfiguration section */
		63BDBA3A2044717600A935CE /* Debug */ = {
			isa = XCBuildConfiguration;
			buildSettings = {
				ALWAYS_SEARCH_USER_PATHS = NO;
				CLANG_ANALYZER_NONNULL = YES;
				CLANG_ANALYZER_NUMBER_OBJECT_CONVERSION = YES_AGGRESSIVE;
				CLANG_CXX_LANGUAGE_STANDARD = "gnu++14";
				CLANG_CXX_LIBRARY = "libc++";
				CLANG_ENABLE_MODULES = YES;
				CLANG_ENABLE_OBJC_ARC = YES;
				CLANG_WARN_BLOCK_CAPTURE_AUTORELEASING = YES;
				CLANG_WARN_BOOL_CONVERSION = YES;
				CLANG_WARN_COMMA = YES;
				CLANG_WARN_CONSTANT_CONVERSION = YES;
				CLANG_WARN_DEPRECATED_OBJC_IMPLEMENTATIONS = YES;
				CLANG_WARN_DIRECT_OBJC_ISA_USAGE = YES_ERROR;
				CLANG_WARN_DOCUMENTATION_COMMENTS = YES;
				CLANG_WARN_EMPTY_BODY = YES;
				CLANG_WARN_ENUM_CONVERSION = YES;
				CLANG_WARN_INFINITE_RECURSION = YES;
				CLANG_WARN_INT_CONVERSION = YES;
				CLANG_WARN_NON_LITERAL_NULL_CONVERSION = YES;
				CLANG_WARN_OBJC_IMPLICIT_RETAIN_SELF = YES;
				CLANG_WARN_OBJC_LITERAL_CONVERSION = YES;
				CLANG_WARN_OBJC_ROOT_CLASS = YES_ERROR;
				CLANG_WARN_RANGE_LOOP_ANALYSIS = YES;
				CLANG_WARN_STRICT_PROTOTYPES = YES;
				CLANG_WARN_SUSPICIOUS_MOVE = YES;
				CLANG_WARN_UNGUARDED_AVAILABILITY = YES_AGGRESSIVE;
				CLANG_WARN_UNREACHABLE_CODE = YES;
				CLANG_WARN__DUPLICATE_METHOD_MATCH = YES;
				CODE_SIGN_IDENTITY = "iPhone Developer";
				COPY_PHASE_STRIP = NO;
				DEBUG_INFORMATION_FORMAT = dwarf;
				ENABLE_STRICT_OBJC_MSGSEND = YES;
				ENABLE_TESTABILITY = YES;
				GCC_C_LANGUAGE_STANDARD = gnu11;
				GCC_DYNAMIC_NO_PIC = NO;
				GCC_NO_COMMON_BLOCKS = YES;
				GCC_OPTIMIZATION_LEVEL = 0;
				GCC_PREPROCESSOR_DEFINITIONS = (
					"DEBUG=1",
					"$(inherited)",
				);
				GCC_WARN_64_TO_32_BIT_CONVERSION = YES;
				GCC_WARN_ABOUT_RETURN_TYPE = YES_ERROR;
				GCC_WARN_UNDECLARED_SELECTOR = YES;
				GCC_WARN_UNINITIALIZED_AUTOS = YES_AGGRESSIVE;
				GCC_WARN_UNUSED_FUNCTION = YES;
				GCC_WARN_UNUSED_VARIABLE = YES;
				IPHONEOS_DEPLOYMENT_TARGET = 11.2;
				MTL_ENABLE_DEBUG_INFO = YES;
				ONLY_ACTIVE_ARCH = YES;
				SDKROOT = iphoneos;
				SWIFT_ACTIVE_COMPILATION_CONDITIONS = DEBUG;
				SWIFT_OPTIMIZATION_LEVEL = "-Onone";
			};
			name = Debug;
		};
		63BDBA3B2044717600A935CE /* Release */ = {
			isa = XCBuildConfiguration;
			buildSettings = {
				ALWAYS_SEARCH_USER_PATHS = NO;
				CLANG_ANALYZER_NONNULL = YES;
				CLANG_ANALYZER_NUMBER_OBJECT_CONVERSION = YES_AGGRESSIVE;
				CLANG_CXX_LANGUAGE_STANDARD = "gnu++14";
				CLANG_CXX_LIBRARY = "libc++";
				CLANG_ENABLE_MODULES = YES;
				CLANG_ENABLE_OBJC_ARC = YES;
				CLANG_WARN_BLOCK_CAPTURE_AUTORELEASING = YES;
				CLANG_WARN_BOOL_CONVERSION = YES;
				CLANG_WARN_COMMA = YES;
				CLANG_WARN_CONSTANT_CONVERSION = YES;
				CLANG_WARN_DEPRECATED_OBJC_IMPLEMENTATIONS = YES;
				CLANG_WARN_DIRECT_OBJC_ISA_USAGE = YES_ERROR;
				CLANG_WARN_DOCUMENTATION_COMMENTS = YES;
				CLANG_WARN_EMPTY_BODY = YES;
				CLANG_WARN_ENUM_CONVERSION = YES;
				CLANG_WARN_INFINITE_RECURSION = YES;
				CLANG_WARN_INT_CONVERSION = YES;
				CLANG_WARN_NON_LITERAL_NULL_CONVERSION = YES;
				CLANG_WARN_OBJC_IMPLICIT_RETAIN_SELF = YES;
				CLANG_WARN_OBJC_LITERAL_CONVERSION = YES;
				CLANG_WARN_OBJC_ROOT_CLASS = YES_ERROR;
				CLANG_WARN_RANGE_LOOP_ANALYSIS = YES;
				CLANG_WARN_STRICT_PROTOTYPES = YES;
				CLANG_WARN_SUSPICIOUS_MOVE = YES;
				CLANG_WARN_UNGUARDED_AVAILABILITY = YES_AGGRESSIVE;
				CLANG_WARN_UNREACHABLE_CODE = YES;
				CLANG_WARN__DUPLICATE_METHOD_MATCH = YES;
				CODE_SIGN_IDENTITY = "iPhone Developer";
				COPY_PHASE_STRIP = NO;
				DEBUG_INFORMATION_FORMAT = "dwarf-with-dsym";
				ENABLE_NS_ASSERTIONS = NO;
				ENABLE_STRICT_OBJC_MSGSEND = YES;
				GCC_C_LANGUAGE_STANDARD = gnu11;
				GCC_NO_COMMON_BLOCKS = YES;
				GCC_WARN_64_TO_32_BIT_CONVERSION = YES;
				GCC_WARN_ABOUT_RETURN_TYPE = YES_ERROR;
				GCC_WARN_UNDECLARED_SELECTOR = YES;
				GCC_WARN_UNINITIALIZED_AUTOS = YES_AGGRESSIVE;
				GCC_WARN_UNUSED_FUNCTION = YES;
				GCC_WARN_UNUSED_VARIABLE = YES;
				IPHONEOS_DEPLOYMENT_TARGET = 11.2;
				MTL_ENABLE_DEBUG_INFO = NO;
				SDKROOT = iphoneos;
				SWIFT_OPTIMIZATION_LEVEL = "-Owholemodule";
				VALIDATE_PRODUCT = YES;
			};
			name = Release;
		};
		63BDBA3D2044717600A935CE /* Debug */ = {
			isa = XCBuildConfiguration;
			baseConfigurationReference = 5E74834C97A235F7DB83175F /* Pods-RS3-Toolkit.debug.xcconfig */;
			buildSettings = {
				ASSETCATALOG_COMPILER_APPICON_NAME = AppIcon;
				"CODE_SIGN_IDENTITY[sdk=iphoneos*]" = "iPhone Developer";
				CODE_SIGN_STYLE = Automatic;
				CURRENT_PROJECT_VERSION = 14;
				DEVELOPMENT_TEAM = ZV5VY53F4X;
				INFOPLIST_FILE = "RS3-Toolkit/Info.plist";
				IPHONEOS_DEPLOYMENT_TARGET = 11.0;
				LD_RUNPATH_SEARCH_PATHS = "$(inherited) @executable_path/Frameworks";
				MARKETING_VERSION = 1.3;
				PRODUCT_BUNDLE_IDENTIFIER = chadhamdan.RS3Tracker;
				PRODUCT_NAME = "$(TARGET_NAME)";
				PROVISIONING_PROFILE_SPECIFIER = "";
				SWIFT_VERSION = 5.0;
				TARGETED_DEVICE_FAMILY = "1,2";
			};
			name = Debug;
		};
		63BDBA3E2044717600A935CE /* Release */ = {
			isa = XCBuildConfiguration;
			baseConfigurationReference = 27F9C7C23F127123316AAF1B /* Pods-RS3-Toolkit.release.xcconfig */;
			buildSettings = {
				ASSETCATALOG_COMPILER_APPICON_NAME = AppIcon;
				"CODE_SIGN_IDENTITY[sdk=iphoneos*]" = "iPhone Developer";
				CODE_SIGN_STYLE = Automatic;
				CURRENT_PROJECT_VERSION = 14;
				DEVELOPMENT_TEAM = ZV5VY53F4X;
				INFOPLIST_FILE = "RS3-Toolkit/Info.plist";
				IPHONEOS_DEPLOYMENT_TARGET = 11.0;
				LD_RUNPATH_SEARCH_PATHS = "$(inherited) @executable_path/Frameworks";
				MARKETING_VERSION = 1.3;
				PRODUCT_BUNDLE_IDENTIFIER = chadhamdan.RS3Tracker;
				PRODUCT_NAME = "$(TARGET_NAME)";
				PROVISIONING_PROFILE_SPECIFIER = "";
				SWIFT_VERSION = 5.0;
				TARGETED_DEVICE_FAMILY = "1,2";
			};
			name = Release;
		};
		63BDBA402044717600A935CE /* Debug */ = {
			isa = XCBuildConfiguration;
			buildSettings = {
				ALWAYS_EMBED_SWIFT_STANDARD_LIBRARIES = YES;
				BUNDLE_LOADER = "$(TEST_HOST)";
				CODE_SIGN_STYLE = Automatic;
				DEVELOPMENT_TEAM = ZV5VY53F4X;
				INFOPLIST_FILE = "RS3-ToolkitTests/Info.plist";
				LD_RUNPATH_SEARCH_PATHS = "$(inherited) @executable_path/Frameworks @loader_path/Frameworks";
				PRODUCT_BUNDLE_IDENTIFIER = "chadhamdan.RS3-ToolkitTests";
				PRODUCT_NAME = "$(TARGET_NAME)";
				SWIFT_VERSION = 5.0;
				TARGETED_DEVICE_FAMILY = "1,2";
				TEST_HOST = "$(BUILT_PRODUCTS_DIR)/RS3-Toolkit.app/RS3-Toolkit";
			};
			name = Debug;
		};
		63BDBA412044717600A935CE /* Release */ = {
			isa = XCBuildConfiguration;
			buildSettings = {
				ALWAYS_EMBED_SWIFT_STANDARD_LIBRARIES = YES;
				BUNDLE_LOADER = "$(TEST_HOST)";
				CODE_SIGN_STYLE = Automatic;
				DEVELOPMENT_TEAM = ZV5VY53F4X;
				INFOPLIST_FILE = "RS3-ToolkitTests/Info.plist";
				LD_RUNPATH_SEARCH_PATHS = "$(inherited) @executable_path/Frameworks @loader_path/Frameworks";
				PRODUCT_BUNDLE_IDENTIFIER = "chadhamdan.RS3-ToolkitTests";
				PRODUCT_NAME = "$(TARGET_NAME)";
				SWIFT_VERSION = 5.0;
				TARGETED_DEVICE_FAMILY = "1,2";
				TEST_HOST = "$(BUILT_PRODUCTS_DIR)/RS3-Toolkit.app/RS3-Toolkit";
			};
			name = Release;
		};
		63BDBA432044717600A935CE /* Debug */ = {
			isa = XCBuildConfiguration;
			buildSettings = {
				ALWAYS_EMBED_SWIFT_STANDARD_LIBRARIES = YES;
				CODE_SIGN_STYLE = Automatic;
				DEVELOPMENT_TEAM = ZV5VY53F4X;
				INFOPLIST_FILE = "RS3-ToolkitUITests/Info.plist";
				LD_RUNPATH_SEARCH_PATHS = "$(inherited) @executable_path/Frameworks @loader_path/Frameworks";
				PRODUCT_BUNDLE_IDENTIFIER = "chadhamdan.RS3-ToolkitUITests";
				PRODUCT_NAME = "$(TARGET_NAME)";
				SWIFT_VERSION = 5.0;
				TARGETED_DEVICE_FAMILY = "1,2";
				TEST_TARGET_NAME = "RS3-Toolkit";
			};
			name = Debug;
		};
		63BDBA442044717600A935CE /* Release */ = {
			isa = XCBuildConfiguration;
			buildSettings = {
				ALWAYS_EMBED_SWIFT_STANDARD_LIBRARIES = YES;
				CODE_SIGN_STYLE = Automatic;
				DEVELOPMENT_TEAM = ZV5VY53F4X;
				INFOPLIST_FILE = "RS3-ToolkitUITests/Info.plist";
				LD_RUNPATH_SEARCH_PATHS = "$(inherited) @executable_path/Frameworks @loader_path/Frameworks";
				PRODUCT_BUNDLE_IDENTIFIER = "chadhamdan.RS3-ToolkitUITests";
				PRODUCT_NAME = "$(TARGET_NAME)";
				SWIFT_VERSION = 5.0;
				TARGETED_DEVICE_FAMILY = "1,2";
				TEST_TARGET_NAME = "RS3-Toolkit";
			};
			name = Release;
		};
/* End XCBuildConfiguration section */

/* Begin XCConfigurationList section */
		63BDBA0F2044717500A935CE /* Build configuration list for PBXProject "RS3-Toolkit" */ = {
			isa = XCConfigurationList;
			buildConfigurations = (
				63BDBA3A2044717600A935CE /* Debug */,
				63BDBA3B2044717600A935CE /* Release */,
			);
			defaultConfigurationIsVisible = 0;
			defaultConfigurationName = Release;
		};
		63BDBA3C2044717600A935CE /* Build configuration list for PBXNativeTarget "RS3-Toolkit" */ = {
			isa = XCConfigurationList;
			buildConfigurations = (
				63BDBA3D2044717600A935CE /* Debug */,
				63BDBA3E2044717600A935CE /* Release */,
			);
			defaultConfigurationIsVisible = 0;
			defaultConfigurationName = Release;
		};
		63BDBA3F2044717600A935CE /* Build configuration list for PBXNativeTarget "RS3-ToolkitTests" */ = {
			isa = XCConfigurationList;
			buildConfigurations = (
				63BDBA402044717600A935CE /* Debug */,
				63BDBA412044717600A935CE /* Release */,
			);
			defaultConfigurationIsVisible = 0;
			defaultConfigurationName = Release;
		};
		63BDBA422044717600A935CE /* Build configuration list for PBXNativeTarget "RS3-ToolkitUITests" */ = {
			isa = XCConfigurationList;
			buildConfigurations = (
				63BDBA432044717600A935CE /* Debug */,
				63BDBA442044717600A935CE /* Release */,
			);
			defaultConfigurationIsVisible = 0;
			defaultConfigurationName = Release;
		};
/* End XCConfigurationList section */
	};
	rootObject = 63BDBA0C2044717500A935CE /* Project object */;
}
